
Microsoft Visual Studio Solution File, Format Version 12.00
# Visual Studio Version 16
VisualStudioVersion = 16.0.30114.105
MinimumVisualStudioVersion = 10.0.40219.1
Project("{FAE04EC0-301F-11D3-BF4B-00C04F79EFBC}") = "Assignment5", "Assignment5\Assignment5.csproj", "{420EAFA2-B2EE-45E7-85DE-267EEED7AB81}"
EndProject
Project("{FAE04EC0-301F-11D3-BF4B-00C04F79EFBC}") = "Assignment5.Core", "Assignment5.Core\Assignment5.Core.csproj", "{3F79FB5B-12B3-4AD2-BF18-7368D7CAFFA7}"
EndProject
Project("{FAE04EC0-301F-11D3-BF4B-00C04F79EFBC}") = "Assignment5.Entities", "Assignment5.Entities\Assignment5.Entities.csproj", "{C064DBCA-013C-4FC8-992A-325A4ED072C9}"
EndProject
Project("{FAE04EC0-301F-11D3-BF4B-00C04F79EFBC}") = "Assignment5.Entities.Tests", "Assignment5.Entities.Tests\Assignment5.Entities.Tests.csproj", "{1BABCD42-584B-4B8C-B747-615D0B826F03}"
EndProject
Global
	GlobalSection(SolutionConfigurationPlatforms) = preSolution
		Debug|Any CPU = Debug|Any CPU
		Debug|x64 = Debug|x64
		Debug|x86 = Debug|x86
		Release|Any CPU = Release|Any CPU
		Release|x64 = Release|x64
		Release|x86 = Release|x86
	EndGlobalSection
	GlobalSection(SolutionProperties) = preSolution
		HideSolutionNode = FALSE
	EndGlobalSection
	GlobalSection(ProjectConfigurationPlatforms) = postSolution
		{420EAFA2-B2EE-45E7-85DE-267EEED7AB81}.Debug|Any CPU.ActiveCfg = Debug|Any CPU
		{420EAFA2-B2EE-45E7-85DE-267EEED7AB81}.Debug|Any CPU.Build.0 = Debug|Any CPU
		{420EAFA2-B2EE-45E7-85DE-267EEED7AB81}.Debug|x64.ActiveCfg = Debug|Any CPU
		{420EAFA2-B2EE-45E7-85DE-267EEED7AB81}.Debug|x64.Build.0 = Debug|Any CPU
		{420EAFA2-B2EE-45E7-85DE-267EEED7AB81}.Debug|x86.ActiveCfg = Debug|Any CPU
		{420EAFA2-B2EE-45E7-85DE-267EEED7AB81}.Debug|x86.Build.0 = Debug|Any CPU
		{420EAFA2-B2EE-45E7-85DE-267EEED7AB81}.Release|Any CPU.ActiveCfg = Release|Any CPU
		{420EAFA2-B2EE-45E7-85DE-267EEED7AB81}.Release|Any CPU.Build.0 = Release|Any CPU
		{420EAFA2-B2EE-45E7-85DE-267EEED7AB81}.Release|x64.ActiveCfg = Release|Any CPU
		{420EAFA2-B2EE-45E7-85DE-267EEED7AB81}.Release|x64.Build.0 = Release|Any CPU
		{420EAFA2-B2EE-45E7-85DE-267EEED7AB81}.Release|x86.ActiveCfg = Release|Any CPU
		{420EAFA2-B2EE-45E7-85DE-267EEED7AB81}.Release|x86.Build.0 = Release|Any CPU
		{3F79FB5B-12B3-4AD2-BF18-7368D7CAFFA7}.Debug|Any CPU.ActiveCfg = Debug|Any CPU
		{3F79FB5B-12B3-4AD2-BF18-7368D7CAFFA7}.Debug|Any CPU.Build.0 = Debug|Any CPU
		{3F79FB5B-12B3-4AD2-BF18-7368D7CAFFA7}.Debug|x64.ActiveCfg = Debug|Any CPU
		{3F79FB5B-12B3-4AD2-BF18-7368D7CAFFA7}.Debug|x64.Build.0 = Debug|Any CPU
		{3F79FB5B-12B3-4AD2-BF18-7368D7CAFFA7}.Debug|x86.ActiveCfg = Debug|Any CPU
		{3F79FB5B-12B3-4AD2-BF18-7368D7CAFFA7}.Debug|x86.Build.0 = Debug|Any CPU
		{3F79FB5B-12B3-4AD2-BF18-7368D7CAFFA7}.Release|Any CPU.ActiveCfg = Release|Any CPU
		{3F79FB5B-12B3-4AD2-BF18-7368D7CAFFA7}.Release|Any CPU.Build.0 = Release|Any CPU
		{3F79FB5B-12B3-4AD2-BF18-7368D7CAFFA7}.Release|x64.ActiveCfg = Release|Any CPU
		{3F79FB5B-12B3-4AD2-BF18-7368D7CAFFA7}.Release|x64.Build.0 = Release|Any CPU
		{3F79FB5B-12B3-4AD2-BF18-7368D7CAFFA7}.Release|x86.ActiveCfg = Release|Any CPU
		{3F79FB5B-12B3-4AD2-BF18-7368D7CAFFA7}.Release|x86.Build.0 = Release|Any CPU
		{C064DBCA-013C-4FC8-992A-325A4ED072C9}.Debug|Any CPU.ActiveCfg = Debug|Any CPU
		{C064DBCA-013C-4FC8-992A-325A4ED072C9}.Debug|Any CPU.Build.0 = Debug|Any CPU
		{C064DBCA-013C-4FC8-992A-325A4ED072C9}.Debug|x64.ActiveCfg = Debug|Any CPU
		{C064DBCA-013C-4FC8-992A-325A4ED072C9}.Debug|x64.Build.0 = Debug|Any CPU
		{C064DBCA-013C-4FC8-992A-325A4ED072C9}.Debug|x86.ActiveCfg = Debug|Any CPU
		{C064DBCA-013C-4FC8-992A-325A4ED072C9}.Debug|x86.Build.0 = Debug|Any CPU
		{C064DBCA-013C-4FC8-992A-325A4ED072C9}.Release|Any CPU.ActiveCfg = Release|Any CPU
		{C064DBCA-013C-4FC8-992A-325A4ED072C9}.Release|Any CPU.Build.0 = Release|Any CPU
		{C064DBCA-013C-4FC8-992A-325A4ED072C9}.Release|x64.ActiveCfg = Release|Any CPU
		{C064DBCA-013C-4FC8-992A-325A4ED072C9}.Release|x64.Build.0 = Release|Any CPU
		{C064DBCA-013C-4FC8-992A-325A4ED072C9}.Release|x86.ActiveCfg = Release|Any CPU
		{C064DBCA-013C-4FC8-992A-325A4ED072C9}.Release|x86.Build.0 = Release|Any CPU
		{1BABCD42-584B-4B8C-B747-615D0B826F03}.Debug|Any CPU.ActiveCfg = Debug|Any CPU
		{1BABCD42-584B-4B8C-B747-615D0B826F03}.Debug|Any CPU.Build.0 = Debug|Any CPU
		{1BABCD42-584B-4B8C-B747-615D0B826F03}.Debug|x64.ActiveCfg = Debug|Any CPU
		{1BABCD42-584B-4B8C-B747-615D0B826F03}.Debug|x64.Build.0 = Debug|Any CPU
		{1BABCD42-584B-4B8C-B747-615D0B826F03}.Debug|x86.ActiveCfg = Debug|Any CPU
		{1BABCD42-584B-4B8C-B747-615D0B826F03}.Debug|x86.Build.0 = Debug|Any CPU
		{1BABCD42-584B-4B8C-B747-615D0B826F03}.Release|Any CPU.ActiveCfg = Release|Any CPU
		{1BABCD42-584B-4B8C-B747-615D0B826F03}.Release|Any CPU.Build.0 = Release|Any CPU
		{1BABCD42-584B-4B8C-B747-615D0B826F03}.Release|x64.ActiveCfg = Release|Any CPU
		{1BABCD42-584B-4B8C-B747-615D0B826F03}.Release|x64.Build.0 = Release|Any CPU
		{1BABCD42-584B-4B8C-B747-615D0B826F03}.Release|x86.ActiveCfg = Release|Any CPU
		{1BABCD42-584B-4B8C-B747-615D0B826F03}.Release|x86.Build.0 = Release|Any CPU
	EndGlobalSection
EndGlobal
